// !$*UTF8*$!
{
	archiveVersion = 1;
	classes = {
	};
	objectVersion = 46;
	objects = {

/* Begin PBXBuildFile section */
		7C6F935C1D1F70AC0091A389 /* CSwiftV.swift in Sources */ = {isa = PBXBuildFile; fileRef = 7C6F935B1D1F70AC0091A389 /* CSwiftV.swift */; };
		7CACF94A1D1F4C4A0031AE56 /* AppDelegate.swift in Sources */ = {isa = PBXBuildFile; fileRef = 7CACF9491D1F4C4A0031AE56 /* AppDelegate.swift */; };
		7CACF94C1D1F4C4A0031AE56 /* ViewController.swift in Sources */ = {isa = PBXBuildFile; fileRef = 7CACF94B1D1F4C4A0031AE56 /* ViewController.swift */; };
		7CACF94F1D1F4C4A0031AE56 /* Main.storyboard in Resources */ = {isa = PBXBuildFile; fileRef = 7CACF94D1D1F4C4A0031AE56 /* Main.storyboard */; };
		7CACF9511D1F4C4A0031AE56 /* Assets.xcassets in Resources */ = {isa = PBXBuildFile; fileRef = 7CACF9501D1F4C4A0031AE56 /* Assets.xcassets */; };
		7CACF9541D1F4C4A0031AE56 /* LaunchScreen.storyboard in Resources */ = {isa = PBXBuildFile; fileRef = 7CACF9521D1F4C4A0031AE56 /* LaunchScreen.storyboard */; };
		7CACF95F1D1F4C4A0031AE56 /* ContactsAdderTests.swift in Sources */ = {isa = PBXBuildFile; fileRef = 7CACF95E1D1F4C4A0031AE56 /* ContactsAdderTests.swift */; };
/* End PBXBuildFile section */

/* Begin PBXContainerItemProxy section */
		7CACF95B1D1F4C4A0031AE56 /* PBXContainerItemProxy */ = {
			isa = PBXContainerItemProxy;
			containerPortal = 7CACF93E1D1F4C4A0031AE56 /* Project object */;
			proxyType = 1;
			remoteGlobalIDString = 7CACF9451D1F4C4A0031AE56;
			remoteInfo = ContactsAdder;
		};
/* End PBXContainerItemProxy section */

/* Begin PBXFileReference section */
		7C6F935B1D1F70AC0091A389 /* CSwiftV.swift */ = {isa = PBXFileReference; fileEncoding = 4; lastKnownFileType = sourcecode.swift; name = CSwiftV.swift; path = "../../../../Downloads/CSwiftV-master/Sources/CSwiftV.swift"; sourceTree = "<group>"; };
		7CACF9461D1F4C4A0031AE56 /* ContactsAdder.app */ = {isa = PBXFileReference; explicitFileType = wrapper.application; includeInIndex = 0; path = ContactsAdder.app; sourceTree = BUILT_PRODUCTS_DIR; };
		7CACF9491D1F4C4A0031AE56 /* AppDelegate.swift */ = {isa = PBXFileReference; lastKnownFileType = sourcecode.swift; path = AppDelegate.swift; sourceTree = "<group>"; };
		7CACF94B1D1F4C4A0031AE56 /* ViewController.swift */ = {isa = PBXFileReference; lastKnownFileType = sourcecode.swift; path = ViewController.swift; sourceTree = "<group>"; };
		7CACF94E1D1F4C4A0031AE56 /* Base */ = {isa = PBXFileReference; lastKnownFileType = file.storyboard; name = Base; path = Base.lproj/Main.storyboard; sourceTree = "<group>"; };
		7CACF9501D1F4C4A0031AE56 /* Assets.xcassets */ = {isa = PBXFileReference; lastKnownFileType = folder.assetcatalog; path = Assets.xcassets; sourceTree = "<group>"; };
		7CACF9531D1F4C4A0031AE56 /* Base */ = {isa = PBXFileReference; lastKnownFileType = file.storyboard; name = Base; path = Base.lproj/LaunchScreen.storyboard; sourceTree = "<group>"; };
		7CACF9551D1F4C4A0031AE56 /* Info.plist */ = {isa = PBXFileReference; lastKnownFileType = text.plist.xml; path = Info.plist; sourceTree = "<group>"; };
		7CACF95A1D1F4C4A0031AE56 /* ContactsAdderTests.xctest */ = {isa = PBXFileReference; explicitFileType = wrapper.cfbundle; includeInIndex = 0; path = ContactsAdderTests.xctest; sourceTree = BUILT_PRODUCTS_DIR; };
		7CACF95E1D1F4C4A0031AE56 /* ContactsAdderTests.swift */ = {isa = PBXFileReference; lastKnownFileType = sourcecode.swift; path = ContactsAdderTests.swift; sourceTree = "<group>"; };
		7CACF9601D1F4C4A0031AE56 /* Info.plist */ = {isa = PBXFileReference; lastKnownFileType = text.plist.xml; path = Info.plist; sourceTree = "<group>"; };
/* End PBXFileReference section */

/* Begin PBXFrameworksBuildPhase section */
		7CACF9431D1F4C4A0031AE56 /* Frameworks */ = {
			isa = PBXFrameworksBuildPhase;
			buildActionMask = 2147483647;
			files = (
			);
			runOnlyForDeploymentPostprocessing = 0;
		};
		7CACF9571D1F4C4A0031AE56 /* Frameworks */ = {
			isa = PBXFrameworksBuildPhase;
			buildActionMask = 2147483647;
			files = (
			);
			runOnlyForDeploymentPostprocessing = 0;
		};
/* End PBXFrameworksBuildPhase section */

/* Begin PBXGroup section */
		7CACF93D1D1F4C4A0031AE56 = {
			isa = PBXGroup;
			children = (
				7CACF9481D1F4C4A0031AE56 /* ContactsAdder */,
				7CACF95D1D1F4C4A0031AE56 /* ContactsAdderTests */,
				7CACF9471D1F4C4A0031AE56 /* Products */,
			);
			sourceTree = "<group>";
		};
		7CACF9471D1F4C4A0031AE56 /* Products */ = {
			isa = PBXGroup;
			children = (
				7CACF9461D1F4C4A0031AE56 /* ContactsAdder.app */,
				7CACF95A1D1F4C4A0031AE56 /* ContactsAdderTests.xctest */,
			);
			name = Products;
			sourceTree = "<group>";
		};
		7CACF9481D1F4C4A0031AE56 /* ContactsAdder */ = {
			isa = PBXGroup;
			children = (
				7CACF9491D1F4C4A0031AE56 /* AppDelegate.swift */,
				7C6F935B1D1F70AC0091A389 /* CSwiftV.swift */,
				7CACF94B1D1F4C4A0031AE56 /* ViewController.swift */,
				7CACF94D1D1F4C4A0031AE56 /* Main.storyboard */,
				7CACF9501D1F4C4A0031AE56 /* Assets.xcassets */,
				7CACF9521D1F4C4A0031AE56 /* LaunchScreen.storyboard */,
				7CACF9551D1F4C4A0031AE56 /* Info.plist */,
			);
			path = ContactsAdder;
			sourceTree = "<group>";
		};
		7CACF95D1D1F4C4A0031AE56 /* ContactsAdderTests */ = {
			isa = PBXGroup;
			children = (
				7CACF95E1D1F4C4A0031AE56 /* ContactsAdderTests.swift */,
				7CACF9601D1F4C4A0031AE56 /* Info.plist */,
			);
			path = ContactsAdderTests;
			sourceTree = "<group>";
		};
/* End PBXGroup section */

/* Begin PBXNativeTarget section */
		7CACF9451D1F4C4A0031AE56 /* ContactsAdder */ = {
			isa = PBXNativeTarget;
			buildConfigurationList = 7CACF9631D1F4C4A0031AE56 /* Build configuration list for PBXNativeTarget "ContactsAdder" */;
			buildPhases = (
				7CACF9421D1F4C4A0031AE56 /* Sources */,
				7CACF9431D1F4C4A0031AE56 /* Frameworks */,
				7CACF9441D1F4C4A0031AE56 /* Resources */,
			);
			buildRules = (
			);
			dependencies = (
			);
			name = ContactsAdder;
			productName = ContactsAdder;
			productReference = 7CACF9461D1F4C4A0031AE56 /* ContactsAdder.app */;
			productType = "com.apple.product-type.application";
		};
		7CACF9591D1F4C4A0031AE56 /* ContactsAdderTests */ = {
			isa = PBXNativeTarget;
			buildConfigurationList = 7CACF9661D1F4C4A0031AE56 /* Build configuration list for PBXNativeTarget "ContactsAdderTests" */;
			buildPhases = (
				7CACF9561D1F4C4A0031AE56 /* Sources */,
				7CACF9571D1F4C4A0031AE56 /* Frameworks */,
				7CACF9581D1F4C4A0031AE56 /* Resources */,
			);
			buildRules = (
			);
			dependencies = (
				7CACF95C1D1F4C4A0031AE56 /* PBXTargetDependency */,
			);
			name = ContactsAdderTests;
			productName = ContactsAdderTests;
			productReference = 7CACF95A1D1F4C4A0031AE56 /* ContactsAdderTests.xctest */;
			productType = "com.apple.product-type.bundle.unit-test";
		};
/* End PBXNativeTarget section */

/* Begin PBXProject section */
		7CACF93E1D1F4C4A0031AE56 /* Project object */ = {
			isa = PBXProject;
			attributes = {
				LastSwiftUpdateCheck = 0730;
				LastUpgradeCheck = 0730;
				ORGANIZATIONNAME = "Gabriel Revells";
				TargetAttributes = {
					7CACF9451D1F4C4A0031AE56 = {
						CreatedOnToolsVersion = 7.3.1;
						DevelopmentTeam = 6YUP5Q2DLS;
					};
					7CACF9591D1F4C4A0031AE56 = {
						CreatedOnToolsVersion = 7.3.1;
						TestTargetID = 7CACF9451D1F4C4A0031AE56;
					};
				};
			};
			buildConfigurationList = 7CACF9411D1F4C4A0031AE56 /* Build configuration list for PBXProject "ContactsAdder" */;
			compatibilityVersion = "Xcode 3.2";
			developmentRegion = English;
			hasScannedForEncodings = 0;
			knownRegions = (
				en,
				Base,
			);
			mainGroup = 7CACF93D1D1F4C4A0031AE56;
			productRefGroup = 7CACF9471D1F4C4A0031AE56 /* Products */;
			projectDirPath = "";
			projectRoot = "";
			targets = (
				7CACF9451D1F4C4A0031AE56 /* ContactsAdder */,
				7CACF9591D1F4C4A0031AE56 /* ContactsAdderTests */,
			);
		};
/* End PBXProject section */

/* Begin PBXResourcesBuildPhase section */
		7CACF9441D1F4C4A0031AE56 /* Resources */ = {
			isa = PBXResourcesBuildPhase;
			buildActionMask = 2147483647;
			files = (
				7CACF9541D1F4C4A0031AE56 /* LaunchScreen.storyboard in Resources */,
				7CACF9511D1F4C4A0031AE56 /* Assets.xcassets in Resources */,
				7CACF94F1D1F4C4A0031AE56 /* Main.storyboard in Resources */,
			);
			runOnlyForDeploymentPostprocessing = 0;
		};
		7CACF9581D1F4C4A0031AE56 /* Resources */ = {
			isa = PBXResourcesBuildPhase;
			buildActionMask = 2147483647;
			files = (
			);
			runOnlyForDeploymentPostprocessing = 0;
		};
/* End PBXResourcesBuildPhase section */

/* Begin PBXSourcesBuildPhase section */
		7CACF9421D1F4C4A0031AE56 /* Sources */ = {
			isa = PBXSourcesBuildPhase;
			buildActionMask = 2147483647;
			files = (
				7CACF94C1D1F4C4A0031AE56 /* ViewController.swift in Sources */,
				7C6F935C1D1F70AC0091A389 /* CSwiftV.swift in Sources */,
				7CACF94A1D1F4C4A0031AE56 /* AppDelegate.swift in Sources */,
			);
			runOnlyForDeploymentPostprocessing = 0;
		};
		7CACF9561D1F4C4A0031AE56 /* Sources */ = {
			isa = PBXSourcesBuildPhase;
			buildActionMask = 2147483647;
			files = (
				7CACF95F1D1F4C4A0031AE56 /* ContactsAdderTests.swift in Sources */,
			);
			runOnlyForDeploymentPostprocessing = 0;
		};
/* End PBXSourcesBuildPhase section */

/* Begin PBXTargetDependency section */
		7CACF95C1D1F4C4A0031AE56 /* PBXTargetDependency */ = {
			isa = PBXTargetDependency;
			target = 7CACF9451D1F4C4A0031AE56 /* ContactsAdder */;
			targetProxy = 7CACF95B1D1F4C4A0031AE56 /* PBXContainerItemProxy */;
		};
/* End PBXTargetDependency section */

/* Begin PBXVariantGroup section */
		7CACF94D1D1F4C4A0031AE56 /* Main.storyboard */ = {
			isa = PBXVariantGroup;
			children = (
				7CACF94E1D1F4C4A0031AE56 /* Base */,
			);
			name = Main.storyboard;
			sourceTree = "<group>";
		};
		7CACF9521D1F4C4A0031AE56 /* LaunchScreen.storyboard */ = {
			isa = PBXVariantGroup;
			children = (
				7CACF9531D1F4C4A0031AE56 /* Base */,
			);
			name = LaunchScreen.storyboard;
			sourceTree = "<group>";
		};
/* End PBXVariantGroup section */

/* Begin XCBuildConfiguration section */
		7CACF9611D1F4C4A0031AE56 /* Debug */ = {
			isa = XCBuildConfiguration;
			buildSettings = {
				ALWAYS_SEARCH_USER_PATHS = NO;
				CLANG_ANALYZER_NONNULL = YES;
				CLANG_CXX_LANGUAGE_STANDARD = "gnu++0x";
				CLANG_CXX_LIBRARY = "libc++";
				CLANG_ENABLE_MODULES = YES;
				CLANG_ENABLE_OBJC_ARC = YES;
				CLANG_WARN_BOOL_CONVERSION = YES;
				CLANG_WARN_CONSTANT_CONVERSION = YES;
				CLANG_WARN_DIRECT_OBJC_ISA_USAGE = YES_ERROR;
				CLANG_WARN_EMPTY_BODY = YES;
				CLANG_WARN_ENUM_CONVERSION = YES;
				CLANG_WARN_INT_CONVERSION = YES;
				CLANG_WARN_OBJC_ROOT_CLASS = YES_ERROR;
				CLANG_WARN_UNREACHABLE_CODE = YES;
				CLANG_WARN__DUPLICATE_METHOD_MATCH = YES;
				"CODE_SIGN_IDENTITY[sdk=iphoneos*]" = "iPhone Developer";
				COPY_PHASE_STRIP = NO;
				DEBUG_INFORMATION_FORMAT = dwarf;
				ENABLE_STRICT_OBJC_MSGSEND = YES;
				ENABLE_TESTABILITY = YES;
				GCC_C_LANGUAGE_STANDARD = gnu99;
				GCC_DYNAMIC_NO_PIC = NO;
				GCC_NO_COMMON_BLOCKS = YES;
				GCC_OPTIMIZATION_LEVEL = 0;
				GCC_PREPROCESSOR_DEFINITIONS = (
					"DEBUG=1",
					"$(inherited)",
				);
				GCC_WARN_64_TO_32_BIT_CONVERSION = YES;
				GCC_WARN_ABOUT_RETURN_TYPE = YES_ERROR;
				GCC_WARN_UNDECLARED_SELECTOR = YES;
				GCC_WARN_UNINITIALIZED_AUTOS = YES_AGGRESSIVE;
				GCC_WARN_UNUSED_FUNCTION = YES;
				GCC_WARN_UNUSED_VARIABLE = YES;
				IPHONEOS_DEPLOYMENT_TARGET = 9.3;
				MTL_ENABLE_DEBUG_INFO = YES;
				ONLY_ACTIVE_ARCH = YES;
				SDKROOT = iphoneos;
				SWIFT_OPTIMIZATION_LEVEL = "-Onone";
			};
			name = Debug;
		};
		7CACF9621D1F4C4A0031AE56 /* Release */ = {
			isa = XCBuildConfiguration;
			buildSettings = {
				ALWAYS_SEARCH_USER_PATHS = NO;
				CLANG_ANALYZER_NONNULL = YES;
				CLANG_CXX_LANGUAGE_STANDARD = "gnu++0x";
				CLANG_CXX_LIBRARY = "libc++";
				CLANG_ENABLE_MODULES = YES;
				CLANG_ENABLE_OBJC_ARC = YES;
				CLANG_WARN_BOOL_CONVERSION = YES;
				CLANG_WARN_CONSTANT_CONVERSION = YES;
				CLANG_WARN_DIRECT_OBJC_ISA_USAGE = YES_ERROR;
				CLANG_WARN_EMPTY_BODY = YES;
				CLANG_WARN_ENUM_CONVERSION = YES;
				CLANG_WARN_INT_CONVERSION = YES;
				CLANG_WARN_OBJC_ROOT_CLASS = YES_ERROR;
				CLANG_WARN_UNREACHABLE_CODE = YES;
				CLANG_WARN__DUPLICATE_METHOD_MATCH = YES;
				"CODE_SIGN_IDENTITY[sdk=iphoneos*]" = "iPhone Developer";
				COPY_PHASE_STRIP = NO;
				DEBUG_INFORMATION_FORMAT = "dwarf-with-dsym";
				ENABLE_NS_ASSERTIONS = NO;
				ENABLE_STRICT_OBJC_MSGSEND = YES;
				GCC_C_LANGUAGE_STANDARD = gnu99;
				GCC_NO_COMMON_BLOCKS = YES;
				GCC_WARN_64_TO_32_BIT_CONVERSION = YES;
				GCC_WARN_ABOUT_RETURN_TYPE = YES_ERROR;
				GCC_WARN_UNDECLARED_SELECTOR = YES;
				GCC_WARN_UNINITIALIZED_AUTOS = YES_AGGRESSIVE;
				GCC_WARN_UNUSED_FUNCTION = YES;
				GCC_WARN_UNUSED_VARIABLE = YES;
				IPHONEOS_DEPLOYMENT_TARGET = 9.3;
				MTL_ENABLE_DEBUG_INFO = NO;
				SDKROOT = iphoneos;
				VALIDATE_PRODUCT = YES;
			};
			name = Release;
		};
		7CACF9641D1F4C4A0031AE56 /* Debug */ = {
			isa = XCBuildConfiguration;
			buildSettings = {
				ASSETCATALOG_COMPILER_APPICON_NAME = AppIcon;
				CODE_SIGN_IDENTITY = "iPhone Developer";
				"CODE_SIGN_IDENTITY[sdk=iphoneos*]" = "iPhone Developer";
				INFOPLIST_FILE = ContactsAdder/Info.plist;
				LD_RUNPATH_SEARCH_PATHS = "$(inherited) @executable_path/Frameworks";
				PRODUCT_BUNDLE_IDENTIFIER = Gabriel.Revells.ContactsAdder;
				PRODUCT_NAME = "$(TARGET_NAME)";
				PROVISIONING_PROFILE = "";
			};
			name = Debug;
		};
		7CACF9651D1F4C4A0031AE56 /* Release */ = {
			isa = XCBuildConfiguration;
			buildSettings = {
				ASSETCATALOG_COMPILER_APPICON_NAME = AppIcon;
				CODE_SIGN_IDENTITY = "iPhone Developer";
				"CODE_SIGN_IDENTITY[sdk=iphoneos*]" = "iPhone Developer";
				INFOPLIST_FILE = ContactsAdder/Info.plist;
				LD_RUNPATH_SEARCH_PATHS = "$(inherited) @executable_path/Frameworks";
				PRODUCT_BUNDLE_IDENTIFIER = Gabriel.Revells.ContactsAdder;
				PRODUCT_NAME = "$(TARGET_NAME)";
				PROVISIONING_PROFILE = "";
			};
			name = Release;
		};
		7CACF9671D1F4C4A0031AE56 /* Debug */ = {
			isa = XCBuildConfiguration;
			buildSettings = {
				BUNDLE_LOADER = "$(TEST_HOST)";
				INFOPLIST_FILE = ContactsAdderTests/Info.plist;
				LD_RUNPATH_SEARCH_PATHS = "$(inherited) @executable_path/Frameworks @loader_path/Frameworks";
				PRODUCT_BUNDLE_IDENTIFIER = Gabriel.Revells.ContactsAdderTests;
				PRODUCT_NAME = "$(TARGET_NAME)";
				TEST_HOST = "$(BUILT_PRODUCTS_DIR)/ContactsAdder.app/ContactsAdder";
			};
			name = Debug;
		};
		7CACF9681D1F4C4A0031AE56 /* Release */ = {
			isa = XCBuildConfiguration;
			buildSettings = {
				BUNDLE_LOADER = "$(TEST_HOST)";
				INFOPLIST_FILE = ContactsAdderTests/Info.plist;
				LD_RUNPATH_SEARCH_PATHS = "$(inherited) @executable_path/Frameworks @loader_path/Frameworks";
				PRODUCT_BUNDLE_IDENTIFIER = Gabriel.Revells.ContactsAdderTests;
				PRODUCT_NAME = "$(TARGET_NAME)";
				TEST_HOST = "$(BUILT_PRODUCTS_DIR)/ContactsAdder.app/ContactsAdder";
			};
			name = Release;
		};
/* End XCBuildConfiguration section */

/* Begin XCConfigurationList section */
		7CACF9411D1F4C4A0031AE56 /* Build configuration list for PBXProject "ContactsAdder" */ = {
			isa = XCConfigurationList;
			buildConfigurations = (
				7CACF9611D1F4C4A0031AE56 /* Debug */,
				7CACF9621D1F4C4A0031AE56 /* Release */,
			);
			defaultConfigurationIsVisible = 0;
			defaultConfigurationName = Release;
		};
		7CACF9631D1F4C4A0031AE56 /* Build configuration list for PBXNativeTarget "ContactsAdder" */ = {
			isa = XCConfigurationList;
			buildConfigurations = (
				7CACF9641D1F4C4A0031AE56 /* Debug */,
				7CACF9651D1F4C4A0031AE56 /* Release */,
			);
			defaultConfigurationIsVisible = 0;
			defaultConfigurationName = Release;
		};
		7CACF9661D1F4C4A0031AE56 /* Build configuration list for PBXNativeTarget "ContactsAdderTests" */ = {
			isa = XCConfigurationList;
			buildConfigurations = (
				7CACF9671D1F4C4A0031AE56 /* Debug */,
				7CACF9681D1F4C4A0031AE56 /* Release */,
			);
			defaultConfigurationIsVisible = 0;
			defaultConfigurationName = Release;
		};
/* End XCConfigurationList section */
	};
	rootObject = 7CACF93E1D1F4C4A0031AE56 /* Project object */;
}
